
Microsoft Visual Studio Solution File, Format Version 12.00
# Visual Studio 15
Project("{FAE04EC0-301F-11D3-BF4B-00C04F79EFBC}") = "Assembly-CSharp", "Assembly-CSharp.csproj", "{98711053-4D90-948E-E507-BB25DABF6570}"
EndProject
Project("{FAE04EC0-301F-11D3-BF4B-00C04F79EFBC}") = "Assembly-CSharp-Editor", "Assembly-CSharp-Editor.csproj", "{2E35D2A7-DD9B-66B9-F333-D82893047D65}"
EndProject
Global
	GlobalSection(SolutionConfigurationPlatforms) = preSolution
		Debug|Any CPU = Debug|Any CPU
		Release|Any CPU = Release|Any CPU
	EndGlobalSection
	GlobalSection(ProjectConfigurationPlatforms) = postSolution
		{98711053-4D90-948E-E507-BB25DABF6570}.Debug|Any CPU.ActiveCfg = Debug|Any CPU
		{98711053-4D90-948E-E507-BB25DABF6570}.Debug|Any CPU.Build.0 = Debug|Any CPU
		{98711053-4D90-948E-E507-BB25DABF6570}.Release|Any CPU.ActiveCfg = Release|Any CPU
		{98711053-4D90-948E-E507-BB25DABF6570}.Release|Any CPU.Build.0 = Release|Any CPU
		{2E35D2A7-DD9B-66B9-F333-D82893047D65}.Debug|Any CPU.ActiveCfg = Debug|Any CPU
		{2E35D2A7-DD9B-66B9-F333-D82893047D65}.Debug|Any CPU.Build.0 = Debug|Any CPU
		{2E35D2A7-DD9B-66B9-F333-D82893047D65}.Release|Any CPU.ActiveCfg = Release|Any CPU
		{2E35D2A7-DD9B-66B9-F333-D82893047D65}.Release|Any CPU.Build.0 = Release|Any CPU
	EndGlobalSection
	GlobalSection(SolutionProperties) = preSolution
		HideSolutionNode = FALSE
	EndGlobalSection
EndGlobal
